
Microsoft Visual Studio Solution File, Format Version 12.00
# Visual Studio 14
VisualStudioVersion = 14.0.25420.1
MinimumVisualStudioVersion = 10.0.40219.1
Project("{FAE04EC0-301F-11D3-BF4B-00C04F79EFBC}") = "ClientUI", "ClientUI\ClientUI.csproj", "{C220D712-FE5F-4A8F-B21B-B00E3897BB62}"
EndProject
Project("{FAE04EC0-301F-11D3-BF4B-00C04F79EFBC}") = "Messages", "Messages\Messages.csproj", "{BB6556AC-BD52-4382-971C-6D5132740F43}"
EndProject
Project("{FAE04EC0-301F-11D3-BF4B-00C04F79EFBC}") = "Sales", "Sales\Sales.csproj", "{DA80C526-EE62-49CE-B017-2526E20D40F3}"
EndProject
Project("{FAE04EC0-301F-11D3-BF4B-00C04F79EFBC}") = "Billing", "Billing\Billing.csproj", "{02677494-CDB0-4D72-8623-3B6A91ED82DC}"
EndProject
Project("{FAE04EC0-301F-11D3-BF4B-00C04F79EFBC}") = "Shipping", "Shipping\Shipping.csproj", "{0C5FBF86-5C14-4C58-AC6A-6165B9F2B814}"
EndProject
Project("{2150E333-8FDC-42A3-9474-1A3956D46DE8}") = "MsmqTransport", "MsmqTransport", "{0B6644B1-EF9C-4486-B076-40199B78CBFF}"
EndProject
Project("{2150E333-8FDC-42A3-9474-1A3956D46DE8}") = "RabbitMqTransport", "RabbitMqTransport", "{1FE976A1-5F2A-457D-AA0D-FD31DDBC83C5}"
EndProject
Project("{FAE04EC0-301F-11D3-BF4B-00C04F79EFBC}") = "Rabbit.ClientUI", "Rabbit.ClientUI\Rabbit.ClientUI.csproj", "{09B370E9-4461-4DD5-A6E3-C484DF51B09C}"
EndProject
Project("{FAE04EC0-301F-11D3-BF4B-00C04F79EFBC}") = "Rabbit.Sales", "Rabbit.Sales\Rabbit.Sales.csproj", "{862D2D21-7666-420E-9414-02564651F598}"
EndProject
Project("{FAE04EC0-301F-11D3-BF4B-00C04F79EFBC}") = "Rabbit.Billing", "Rabbit.Billing\Rabbit.Billing.csproj", "{2D2F4F07-2F2F-4715-AC69-43044222B6BF}"
EndProject
Project("{FAE04EC0-301F-11D3-BF4B-00C04F79EFBC}") = "Rabbit.Shipping", "Rabbit.Shipping\Rabbit.Shipping.csproj", "{530D17A8-F169-46E9-8288-897952CD54F2}"
EndProject
Project("{2150E333-8FDC-42A3-9474-1A3956D46DE8}") = "RabbitMqTransportCustomDirectTopology", "RabbitMqTransportCustomDirectTopology", "{602192E9-AA87-461F-8CB6-653FFF140F0A}"
EndProject
Project("{FAE04EC0-301F-11D3-BF4B-00C04F79EFBC}") = "Rabbit.Custom.ClientUI", "Rabbit.Custom.ClientUI\Rabbit.Custom.ClientUI.csproj", "{1D5F0999-151F-4EA2-BA80-9CFA4CB4C9A9}"
EndProject
Project("{FAE04EC0-301F-11D3-BF4B-00C04F79EFBC}") = "Rabbit.Custom.Sales", "Rabbit.Custom.Sales\Rabbit.Custom.Sales.csproj", "{2A95BD4C-A946-443C-8D60-4CFF50345F59}"
EndProject
Project("{FAE04EC0-301F-11D3-BF4B-00C04F79EFBC}") = "Rabbit.Custom.Billing", "Rabbit.Custom.Billing\Rabbit.Custom.Billing.csproj", "{24325DC6-85DD-400F-A829-C15254ED4B87}"
EndProject
Project("{FAE04EC0-301F-11D3-BF4B-00C04F79EFBC}") = "Rabbit.Custom.Shipping", "Rabbit.Custom.Shipping\Rabbit.Custom.Shipping.csproj", "{875A2E75-6E34-4D30-81BF-FD2D53F2B936}"
EndProject
Project("{2150E333-8FDC-42A3-9474-1A3956D46DE8}") = "RabbitMqTransportCustomTopology", "RabbitMqTransportCustomTopology", "{2B7503DB-DEED-4A67-81A0-06FE7E4D1F12}"
EndProject
Project("{FAE04EC0-301F-11D3-BF4B-00C04F79EFBC}") = "Rabbit.CustomRouting.ClientUI", "Rabbit.CustomRouting.ClientUI\Rabbit.CustomRouting.ClientUI.csproj", "{241EF4DA-CDA0-4227-B584-FB2FD59444EC}"
EndProject
Project("{FAE04EC0-301F-11D3-BF4B-00C04F79EFBC}") = "Rabbit.CustomRouting.Sales", "Rabbit.CustomRouting.Sales\Rabbit.CustomRouting.Sales.csproj", "{B4140796-FC81-4D91-BE7B-80F75DCB02E5}"
EndProject
Project("{FAE04EC0-301F-11D3-BF4B-00C04F79EFBC}") = "Rabbit.CustomRouting.Billing", "Rabbit.CustomRouting.Billing\Rabbit.CustomRouting.Billing.csproj", "{F52091B3-56FC-4335-8BBD-340CBC3172A7}"
EndProject
Project("{FAE04EC0-301F-11D3-BF4B-00C04F79EFBC}") = "Rabbit.CustomRouting.Shipping", "Rabbit.CustomRouting.Shipping\Rabbit.CustomRouting.Shipping.csproj", "{EB7D5582-E2EA-402A-A94D-09515FB0565B}"
EndProject
Project("{FAE04EC0-301F-11D3-BF4B-00C04F79EFBC}") = "Rabbit.CustomRouting.GoldInsiderClientServices", "Rabbit.CustomRouting.GoldInsiderClientServices\Rabbit.CustomRouting.GoldInsiderClientServices.csproj", "{A9CB6515-A024-4E1D-BE75-8E38978BFA95}"
EndProject
Global
	GlobalSection(SolutionConfigurationPlatforms) = preSolution
		Debug|Any CPU = Debug|Any CPU
		Release|Any CPU = Release|Any CPU
	EndGlobalSection
	GlobalSection(ProjectConfigurationPlatforms) = postSolution
		{C220D712-FE5F-4A8F-B21B-B00E3897BB62}.Debug|Any CPU.ActiveCfg = Debug|Any CPU
		{C220D712-FE5F-4A8F-B21B-B00E3897BB62}.Debug|Any CPU.Build.0 = Debug|Any CPU
		{C220D712-FE5F-4A8F-B21B-B00E3897BB62}.Release|Any CPU.ActiveCfg = Release|Any CPU
		{C220D712-FE5F-4A8F-B21B-B00E3897BB62}.Release|Any CPU.Build.0 = Release|Any CPU
		{BB6556AC-BD52-4382-971C-6D5132740F43}.Debug|Any CPU.ActiveCfg = Debug|Any CPU
		{BB6556AC-BD52-4382-971C-6D5132740F43}.Debug|Any CPU.Build.0 = Debug|Any CPU
		{BB6556AC-BD52-4382-971C-6D5132740F43}.Release|Any CPU.ActiveCfg = Release|Any CPU
		{BB6556AC-BD52-4382-971C-6D5132740F43}.Release|Any CPU.Build.0 = Release|Any CPU
		{DA80C526-EE62-49CE-B017-2526E20D40F3}.Debug|Any CPU.ActiveCfg = Debug|Any CPU
		{DA80C526-EE62-49CE-B017-2526E20D40F3}.Debug|Any CPU.Build.0 = Debug|Any CPU
		{DA80C526-EE62-49CE-B017-2526E20D40F3}.Release|Any CPU.ActiveCfg = Release|Any CPU
		{DA80C526-EE62-49CE-B017-2526E20D40F3}.Release|Any CPU.Build.0 = Release|Any CPU
		{02677494-CDB0-4D72-8623-3B6A91ED82DC}.Debug|Any CPU.ActiveCfg = Debug|Any CPU
		{02677494-CDB0-4D72-8623-3B6A91ED82DC}.Debug|Any CPU.Build.0 = Debug|Any CPU
		{02677494-CDB0-4D72-8623-3B6A91ED82DC}.Release|Any CPU.ActiveCfg = Release|Any CPU
		{02677494-CDB0-4D72-8623-3B6A91ED82DC}.Release|Any CPU.Build.0 = Release|Any CPU
		{0C5FBF86-5C14-4C58-AC6A-6165B9F2B814}.Debug|Any CPU.ActiveCfg = Debug|Any CPU
		{0C5FBF86-5C14-4C58-AC6A-6165B9F2B814}.Debug|Any CPU.Build.0 = Debug|Any CPU
		{0C5FBF86-5C14-4C58-AC6A-6165B9F2B814}.Release|Any CPU.ActiveCfg = Release|Any CPU
		{0C5FBF86-5C14-4C58-AC6A-6165B9F2B814}.Release|Any CPU.Build.0 = Release|Any CPU
		{09B370E9-4461-4DD5-A6E3-C484DF51B09C}.Debug|Any CPU.ActiveCfg = Debug|Any CPU
		{09B370E9-4461-4DD5-A6E3-C484DF51B09C}.Debug|Any CPU.Build.0 = Debug|Any CPU
		{09B370E9-4461-4DD5-A6E3-C484DF51B09C}.Release|Any CPU.ActiveCfg = Release|Any CPU
		{09B370E9-4461-4DD5-A6E3-C484DF51B09C}.Release|Any CPU.Build.0 = Release|Any CPU
		{862D2D21-7666-420E-9414-02564651F598}.Debug|Any CPU.ActiveCfg = Debug|Any CPU
		{862D2D21-7666-420E-9414-02564651F598}.Debug|Any CPU.Build.0 = Debug|Any CPU
		{862D2D21-7666-420E-9414-02564651F598}.Release|Any CPU.ActiveCfg = Release|Any CPU
		{862D2D21-7666-420E-9414-02564651F598}.Release|Any CPU.Build.0 = Release|Any CPU
		{2D2F4F07-2F2F-4715-AC69-43044222B6BF}.Debug|Any CPU.ActiveCfg = Debug|Any CPU
		{2D2F4F07-2F2F-4715-AC69-43044222B6BF}.Debug|Any CPU.Build.0 = Debug|Any CPU
		{2D2F4F07-2F2F-4715-AC69-43044222B6BF}.Release|Any CPU.ActiveCfg = Release|Any CPU
		{2D2F4F07-2F2F-4715-AC69-43044222B6BF}.Release|Any CPU.Build.0 = Release|Any CPU
		{530D17A8-F169-46E9-8288-897952CD54F2}.Debug|Any CPU.ActiveCfg = Debug|Any CPU
		{530D17A8-F169-46E9-8288-897952CD54F2}.Debug|Any CPU.Build.0 = Debug|Any CPU
		{530D17A8-F169-46E9-8288-897952CD54F2}.Release|Any CPU.ActiveCfg = Release|Any CPU
		{530D17A8-F169-46E9-8288-897952CD54F2}.Release|Any CPU.Build.0 = Release|Any CPU
		{1D5F0999-151F-4EA2-BA80-9CFA4CB4C9A9}.Debug|Any CPU.ActiveCfg = Debug|Any CPU
		{1D5F0999-151F-4EA2-BA80-9CFA4CB4C9A9}.Debug|Any CPU.Build.0 = Debug|Any CPU
		{1D5F0999-151F-4EA2-BA80-9CFA4CB4C9A9}.Release|Any CPU.ActiveCfg = Release|Any CPU
		{1D5F0999-151F-4EA2-BA80-9CFA4CB4C9A9}.Release|Any CPU.Build.0 = Release|Any CPU
		{2A95BD4C-A946-443C-8D60-4CFF50345F59}.Debug|Any CPU.ActiveCfg = Debug|Any CPU
		{2A95BD4C-A946-443C-8D60-4CFF50345F59}.Debug|Any CPU.Build.0 = Debug|Any CPU
		{2A95BD4C-A946-443C-8D60-4CFF50345F59}.Release|Any CPU.ActiveCfg = Release|Any CPU
		{2A95BD4C-A946-443C-8D60-4CFF50345F59}.Release|Any CPU.Build.0 = Release|Any CPU
		{24325DC6-85DD-400F-A829-C15254ED4B87}.Debug|Any CPU.ActiveCfg = Debug|Any CPU
		{24325DC6-85DD-400F-A829-C15254ED4B87}.Debug|Any CPU.Build.0 = Debug|Any CPU
		{24325DC6-85DD-400F-A829-C15254ED4B87}.Release|Any CPU.ActiveCfg = Release|Any CPU
		{24325DC6-85DD-400F-A829-C15254ED4B87}.Release|Any CPU.Build.0 = Release|Any CPU
		{875A2E75-6E34-4D30-81BF-FD2D53F2B936}.Debug|Any CPU.ActiveCfg = Debug|Any CPU
		{875A2E75-6E34-4D30-81BF-FD2D53F2B936}.Debug|Any CPU.Build.0 = Debug|Any CPU
		{875A2E75-6E34-4D30-81BF-FD2D53F2B936}.Release|Any CPU.ActiveCfg = Release|Any CPU
		{875A2E75-6E34-4D30-81BF-FD2D53F2B936}.Release|Any CPU.Build.0 = Release|Any CPU
		{241EF4DA-CDA0-4227-B584-FB2FD59444EC}.Debug|Any CPU.ActiveCfg = Debug|Any CPU
		{241EF4DA-CDA0-4227-B584-FB2FD59444EC}.Debug|Any CPU.Build.0 = Debug|Any CPU
		{241EF4DA-CDA0-4227-B584-FB2FD59444EC}.Release|Any CPU.ActiveCfg = Release|Any CPU
		{241EF4DA-CDA0-4227-B584-FB2FD59444EC}.Release|Any CPU.Build.0 = Release|Any CPU
		{B4140796-FC81-4D91-BE7B-80F75DCB02E5}.Debug|Any CPU.ActiveCfg = Debug|Any CPU
		{B4140796-FC81-4D91-BE7B-80F75DCB02E5}.Debug|Any CPU.Build.0 = Debug|Any CPU
		{B4140796-FC81-4D91-BE7B-80F75DCB02E5}.Release|Any CPU.ActiveCfg = Release|Any CPU
		{B4140796-FC81-4D91-BE7B-80F75DCB02E5}.Release|Any CPU.Build.0 = Release|Any CPU
		{F52091B3-56FC-4335-8BBD-340CBC3172A7}.Debug|Any CPU.ActiveCfg = Debug|Any CPU
		{F52091B3-56FC-4335-8BBD-340CBC3172A7}.Debug|Any CPU.Build.0 = Debug|Any CPU
		{F52091B3-56FC-4335-8BBD-340CBC3172A7}.Release|Any CPU.ActiveCfg = Release|Any CPU
		{F52091B3-56FC-4335-8BBD-340CBC3172A7}.Release|Any CPU.Build.0 = Release|Any CPU
		{EB7D5582-E2EA-402A-A94D-09515FB0565B}.Debug|Any CPU.ActiveCfg = Debug|Any CPU
		{EB7D5582-E2EA-402A-A94D-09515FB0565B}.Debug|Any CPU.Build.0 = Debug|Any CPU
		{EB7D5582-E2EA-402A-A94D-09515FB0565B}.Release|Any CPU.ActiveCfg = Release|Any CPU
		{EB7D5582-E2EA-402A-A94D-09515FB0565B}.Release|Any CPU.Build.0 = Release|Any CPU
		{A9CB6515-A024-4E1D-BE75-8E38978BFA95}.Debug|Any CPU.ActiveCfg = Debug|Any CPU
		{A9CB6515-A024-4E1D-BE75-8E38978BFA95}.Debug|Any CPU.Build.0 = Debug|Any CPU
		{A9CB6515-A024-4E1D-BE75-8E38978BFA95}.Release|Any CPU.ActiveCfg = Release|Any CPU
		{A9CB6515-A024-4E1D-BE75-8E38978BFA95}.Release|Any CPU.Build.0 = Release|Any CPU
	EndGlobalSection
	GlobalSection(SolutionProperties) = preSolution
		HideSolutionNode = FALSE
	EndGlobalSection
	GlobalSection(NestedProjects) = preSolution
		{C220D712-FE5F-4A8F-B21B-B00E3897BB62} = {0B6644B1-EF9C-4486-B076-40199B78CBFF}
		{DA80C526-EE62-49CE-B017-2526E20D40F3} = {0B6644B1-EF9C-4486-B076-40199B78CBFF}
		{02677494-CDB0-4D72-8623-3B6A91ED82DC} = {0B6644B1-EF9C-4486-B076-40199B78CBFF}
		{0C5FBF86-5C14-4C58-AC6A-6165B9F2B814} = {0B6644B1-EF9C-4486-B076-40199B78CBFF}
		{09B370E9-4461-4DD5-A6E3-C484DF51B09C} = {1FE976A1-5F2A-457D-AA0D-FD31DDBC83C5}
		{862D2D21-7666-420E-9414-02564651F598} = {1FE976A1-5F2A-457D-AA0D-FD31DDBC83C5}
		{2D2F4F07-2F2F-4715-AC69-43044222B6BF} = {1FE976A1-5F2A-457D-AA0D-FD31DDBC83C5}
		{530D17A8-F169-46E9-8288-897952CD54F2} = {1FE976A1-5F2A-457D-AA0D-FD31DDBC83C5}
		{1D5F0999-151F-4EA2-BA80-9CFA4CB4C9A9} = {602192E9-AA87-461F-8CB6-653FFF140F0A}
		{2A95BD4C-A946-443C-8D60-4CFF50345F59} = {602192E9-AA87-461F-8CB6-653FFF140F0A}
		{24325DC6-85DD-400F-A829-C15254ED4B87} = {602192E9-AA87-461F-8CB6-653FFF140F0A}
		{875A2E75-6E34-4D30-81BF-FD2D53F2B936} = {602192E9-AA87-461F-8CB6-653FFF140F0A}
		{241EF4DA-CDA0-4227-B584-FB2FD59444EC} = {2B7503DB-DEED-4A67-81A0-06FE7E4D1F12}
		{B4140796-FC81-4D91-BE7B-80F75DCB02E5} = {2B7503DB-DEED-4A67-81A0-06FE7E4D1F12}
		{F52091B3-56FC-4335-8BBD-340CBC3172A7} = {2B7503DB-DEED-4A67-81A0-06FE7E4D1F12}
		{EB7D5582-E2EA-402A-A94D-09515FB0565B} = {2B7503DB-DEED-4A67-81A0-06FE7E4D1F12}
		{A9CB6515-A024-4E1D-BE75-8E38978BFA95} = {2B7503DB-DEED-4A67-81A0-06FE7E4D1F12}
	EndGlobalSection
EndGlobal
